
Microsoft Visual Studio Solution File, Format Version 12.00
# Visual Studio Version 17
VisualStudioVersion = 17.7.34031.279
MinimumVisualStudioVersion = 10.0.40219.1
Project("{FAE04EC0-301F-11D3-BF4B-00C04F79EFBC}") = "пцп", "пцп\пцп.csproj", "{43516468-DB3B-4290-AC14-58445577FD92}"
EndProject
Global
	GlobalSection(SolutionConfigurationPlatforms) = preSolution
		Debug|Any CPU = Debug|Any CPU
		Release|Any CPU = Release|Any CPU
	EndGlobalSection
	GlobalSection(ProjectConfigurationPlatforms) = postSolution
		{43516468-DB3B-4290-AC14-58445577FD92}.Debug|Any CPU.ActiveCfg = Debug|Any CPU
		{43516468-DB3B-4290-AC14-58445577FD92}.Debug|Any CPU.Build.0 = Debug|Any CPU
		{43516468-DB3B-4290-AC14-58445577FD92}.Release|Any CPU.ActiveCfg = Release|Any CPU
		{43516468-DB3B-4290-AC14-58445577FD92}.Release|Any CPU.Build.0 = Release|Any CPU
	EndGlobalSection
	GlobalSection(SolutionProperties) = preSolution
		HideSolutionNode = FALSE
	EndGlobalSection
	GlobalSection(ExtensibilityGlobals) = postSolution
		SolutionGuid = {E43B8DAC-E022-47F5-BAA7-D053E9DCE8E6}
	EndGlobalSection
EndGlobal
